
Microsoft Visual Studio Solution File, Format Version 12.00
# Visual Studio Version 16
VisualStudioVersion = 16.0.30011.22
MinimumVisualStudioVersion = 10.0.40219.1
Project("{FAE04EC0-301F-11D3-BF4B-00C04F79EFBC}") = "Micra.Launcher", "Micra.Launcher.csproj", "{E2CB8F32-6C1D-4CBE-BFC1-FFDC342DF9A5}"
EndProject
Project("{FAE04EC0-301F-11D3-BF4B-00C04F79EFBC}") = "Micra.Tools", "Micra.Tools\Micra.Tools.csproj", "{E0806683-B674-4296-81B6-BB62BF78CC60}"
EndProject
Project("{FAE04EC0-301F-11D3-BF4B-00C04F79EFBC}") = "Micra.Domain", "Micra.Domain\Micra.Domain.csproj", "{90796EEE-17C6-4381-98A0-3A71241C7D01}"
EndProject
Project("{FAE04EC0-301F-11D3-BF4B-00C04F79EFBC}") = "Micra.Core", "Micra.Core\Micra.Core.csproj", "{2DBBE923-141A-468E-830D-85CA8F654556}"
EndProject
Global
	GlobalSection(SolutionConfigurationPlatforms) = preSolution
		Debug|Any CPU = Debug|Any CPU
		Release|Any CPU = Release|Any CPU
	EndGlobalSection
	GlobalSection(ProjectConfigurationPlatforms) = postSolution
		{E2CB8F32-6C1D-4CBE-BFC1-FFDC342DF9A5}.Debug|Any CPU.ActiveCfg = Debug|Any CPU
		{E2CB8F32-6C1D-4CBE-BFC1-FFDC342DF9A5}.Debug|Any CPU.Build.0 = Debug|Any CPU
		{E2CB8F32-6C1D-4CBE-BFC1-FFDC342DF9A5}.Release|Any CPU.ActiveCfg = Release|Any CPU
		{E2CB8F32-6C1D-4CBE-BFC1-FFDC342DF9A5}.Release|Any CPU.Build.0 = Release|Any CPU
		{E0806683-B674-4296-81B6-BB62BF78CC60}.Debug|Any CPU.ActiveCfg = Debug|Any CPU
		{E0806683-B674-4296-81B6-BB62BF78CC60}.Debug|Any CPU.Build.0 = Debug|Any CPU
		{E0806683-B674-4296-81B6-BB62BF78CC60}.Release|Any CPU.ActiveCfg = Release|Any CPU
		{E0806683-B674-4296-81B6-BB62BF78CC60}.Release|Any CPU.Build.0 = Release|Any CPU
		{90796EEE-17C6-4381-98A0-3A71241C7D01}.Debug|Any CPU.ActiveCfg = Debug|Any CPU
		{90796EEE-17C6-4381-98A0-3A71241C7D01}.Debug|Any CPU.Build.0 = Debug|Any CPU
		{90796EEE-17C6-4381-98A0-3A71241C7D01}.Release|Any CPU.ActiveCfg = Release|Any CPU
		{90796EEE-17C6-4381-98A0-3A71241C7D01}.Release|Any CPU.Build.0 = Release|Any CPU
		{2DBBE923-141A-468E-830D-85CA8F654556}.Debug|Any CPU.ActiveCfg = Debug|Any CPU
		{2DBBE923-141A-468E-830D-85CA8F654556}.Debug|Any CPU.Build.0 = Debug|Any CPU
		{2DBBE923-141A-468E-830D-85CA8F654556}.Release|Any CPU.ActiveCfg = Release|Any CPU
		{2DBBE923-141A-468E-830D-85CA8F654556}.Release|Any CPU.Build.0 = Release|Any CPU
	EndGlobalSection
	GlobalSection(SolutionProperties) = preSolution
		HideSolutionNode = FALSE
	EndGlobalSection
	GlobalSection(ExtensibilityGlobals) = postSolution
		SolutionGuid = {71B45E2D-234A-4AC7-A6CA-C5236333F6BD}
	EndGlobalSection
EndGlobal
