
Microsoft Visual Studio Solution File, Format Version 12.00
# Visual Studio Version 16
VisualStudioVersion = 16.0.30011.22
MinimumVisualStudioVersion = 10.0.40219.1
Project("{FAE04EC0-301F-11D3-BF4B-00C04F79EFBC}") = "Micra.Csharp", "Micra.Csharp\Micra.Csharp.csproj", "{FB5C7F8A-4636-4281-8A7C-3084CE5982FB}"
EndProject
Global
	GlobalSection(SolutionConfigurationPlatforms) = preSolution
		Debug|Any CPU = Debug|Any CPU
		Release|Any CPU = Release|Any CPU
	EndGlobalSection
	GlobalSection(ProjectConfigurationPlatforms) = postSolution
		{FB5C7F8A-4636-4281-8A7C-3084CE5982FB}.Debug|Any CPU.ActiveCfg = Debug|Any CPU
		{FB5C7F8A-4636-4281-8A7C-3084CE5982FB}.Debug|Any CPU.Build.0 = Debug|Any CPU
		{FB5C7F8A-4636-4281-8A7C-3084CE5982FB}.Release|Any CPU.ActiveCfg = Release|Any CPU
		{FB5C7F8A-4636-4281-8A7C-3084CE5982FB}.Release|Any CPU.Build.0 = Release|Any CPU
	EndGlobalSection
	GlobalSection(SolutionProperties) = preSolution
		HideSolutionNode = FALSE
	EndGlobalSection
	GlobalSection(ExtensibilityGlobals) = postSolution
		SolutionGuid = {4DE5AE92-6708-41D8-BCDC-2B672F9F797E}
	EndGlobalSection
EndGlobal
